
Microsoft Visual Studio Solution File, Format Version 12.00
# Visual Studio Version 16
VisualStudioVersion = 16.0.30907.101
MinimumVisualStudioVersion = 10.0.40219.1
Project("{FAE04EC0-301F-11D3-BF4B-00C04F79EFBC}") = "Ecommerce", "Ecommerce\Ecommerce.csproj", "{A160E6D3-3625-48BA-BCEF-3A142821E75D}"
EndProject
Global
	GlobalSection(SolutionConfigurationPlatforms) = preSolution
		Debug|Any CPU = Debug|Any CPU
		Release|Any CPU = Release|Any CPU
	EndGlobalSection
	GlobalSection(ProjectConfigurationPlatforms) = postSolution
		{A160E6D3-3625-48BA-BCEF-3A142821E75D}.Debug|Any CPU.ActiveCfg = Debug|Any CPU
		{A160E6D3-3625-48BA-BCEF-3A142821E75D}.Debug|Any CPU.Build.0 = Debug|Any CPU
		{A160E6D3-3625-48BA-BCEF-3A142821E75D}.Release|Any CPU.ActiveCfg = Release|Any CPU
		{A160E6D3-3625-48BA-BCEF-3A142821E75D}.Release|Any CPU.Build.0 = Release|Any CPU
	EndGlobalSection
	GlobalSection(SolutionProperties) = preSolution
		HideSolutionNode = FALSE
	EndGlobalSection
	GlobalSection(ExtensibilityGlobals) = postSolution
		SolutionGuid = {8C3FAD8F-505B-4D4A-8C3D-264E94A1A728}
	EndGlobalSection
EndGlobal
